// !$*UTF8*$!
{
	archiveVersion = 1;
	classes = {
	};
	objectVersion = 50;
	objects = {

/* Begin PBXBuildFile section */
		5ABA78A521382F940021905E /* AuthenticatedUser.swift in Sources */ = {isa = PBXBuildFile; fileRef = 5ABA789E21382F940021905E /* AuthenticatedUser.swift */; };
		5ABA78A621382F940021905E /* Subreddit.swift in Sources */ = {isa = PBXBuildFile; fileRef = 5ABA789F21382F940021905E /* Subreddit.swift */; };
		5ABA78A721382F940021905E /* RedditUser.swift in Sources */ = {isa = PBXBuildFile; fileRef = 5ABA78A021382F940021905E /* RedditUser.swift */; };
		5ABA78A821382F940021905E /* RedditAppInfo.swift in Sources */ = {isa = PBXBuildFile; fileRef = 5ABA78A121382F940021905E /* RedditAppInfo.swift */; };
		5ABA78A921382F940021905E /* RedditPost.swift in Sources */ = {isa = PBXBuildFile; fileRef = 5ABA78A221382F940021905E /* RedditPost.swift */; };
		5ABA78AA21382F940021905E /* RedditHandler.swift in Sources */ = {isa = PBXBuildFile; fileRef = 5ABA78A321382F940021905E /* RedditHandler.swift */; };
		5ABA78AB21382F940021905E /* RedditResponse.swift in Sources */ = {isa = PBXBuildFile; fileRef = 5ABA78A421382F940021905E /* RedditResponse.swift */; };
/* End PBXBuildFile section */

/* Begin PBXCopyFilesBuildPhase section */
		5ABA789121382F790021905E /* CopyFiles */ = {
			isa = PBXCopyFilesBuildPhase;
			buildActionMask = 2147483647;
			dstPath = /usr/share/man/man1/;
			dstSubfolderSpec = 0;
			files = (
			);
			runOnlyForDeploymentPostprocessing = 1;
		};
/* End PBXCopyFilesBuildPhase section */

/* Begin PBXFileReference section */
		5ABA789321382F790021905E /* Reddit Handler */ = {isa = PBXFileReference; explicitFileType = "compiled.mach-o.executable"; includeInIndex = 0; path = "Reddit Handler"; sourceTree = BUILT_PRODUCTS_DIR; };
		5ABA789E21382F940021905E /* AuthenticatedUser.swift */ = {isa = PBXFileReference; fileEncoding = 4; lastKnownFileType = sourcecode.swift; path = AuthenticatedUser.swift; sourceTree = "<group>"; };
		5ABA789F21382F940021905E /* Subreddit.swift */ = {isa = PBXFileReference; fileEncoding = 4; lastKnownFileType = sourcecode.swift; path = Subreddit.swift; sourceTree = "<group>"; };
		5ABA78A021382F940021905E /* RedditUser.swift */ = {isa = PBXFileReference; fileEncoding = 4; lastKnownFileType = sourcecode.swift; path = RedditUser.swift; sourceTree = "<group>"; };
		5ABA78A121382F940021905E /* RedditAppInfo.swift */ = {isa = PBXFileReference; fileEncoding = 4; lastKnownFileType = sourcecode.swift; path = RedditAppInfo.swift; sourceTree = "<group>"; };
		5ABA78A221382F940021905E /* RedditPost.swift */ = {isa = PBXFileReference; fileEncoding = 4; lastKnownFileType = sourcecode.swift; path = RedditPost.swift; sourceTree = "<group>"; };
		5ABA78A321382F940021905E /* RedditHandler.swift */ = {isa = PBXFileReference; fileEncoding = 4; lastKnownFileType = sourcecode.swift; path = RedditHandler.swift; sourceTree = "<group>"; };
		5ABA78A421382F940021905E /* RedditResponse.swift */ = {isa = PBXFileReference; fileEncoding = 4; lastKnownFileType = sourcecode.swift; path = RedditResponse.swift; sourceTree = "<group>"; };
/* End PBXFileReference section */

/* Begin PBXFrameworksBuildPhase section */
		5ABA789021382F790021905E /* Frameworks */ = {
			isa = PBXFrameworksBuildPhase;
			buildActionMask = 2147483647;
			files = (
			);
			runOnlyForDeploymentPostprocessing = 0;
		};
/* End PBXFrameworksBuildPhase section */

/* Begin PBXGroup section */
		5ABA788A21382F790021905E = {
			isa = PBXGroup;
			children = (
				5ABA789521382F790021905E /* Reddit Handler */,
				5ABA789421382F790021905E /* Products */,
			);
			sourceTree = "<group>";
		};
		5ABA789421382F790021905E /* Products */ = {
			isa = PBXGroup;
			children = (
				5ABA789321382F790021905E /* Reddit Handler */,
			);
			name = Products;
			sourceTree = "<group>";
		};
		5ABA789521382F790021905E /* Reddit Handler */ = {
			isa = PBXGroup;
			children = (
				5ABA789E21382F940021905E /* AuthenticatedUser.swift */,
				5ABA789F21382F940021905E /* Subreddit.swift */,
				5ABA78A021382F940021905E /* RedditUser.swift */,
				5ABA78A121382F940021905E /* RedditAppInfo.swift */,
				5ABA78A221382F940021905E /* RedditPost.swift */,
				5ABA78A321382F940021905E /* RedditHandler.swift */,
				5ABA78A421382F940021905E /* RedditResponse.swift */,
			);
			path = "Reddit Handler";
			sourceTree = "<group>";
		};
/* End PBXGroup section */

/* Begin PBXNativeTarget section */
		5ABA789221382F790021905E /* Reddit Handler */ = {
			isa = PBXNativeTarget;
			buildConfigurationList = 5ABA789A21382F790021905E /* Build configuration list for PBXNativeTarget "Reddit Handler" */;
			buildPhases = (
				5ABA788F21382F790021905E /* Sources */,
				5ABA789021382F790021905E /* Frameworks */,
				5ABA789121382F790021905E /* CopyFiles */,
			);
			buildRules = (
			);
			dependencies = (
			);
			name = "Reddit Handler";
			productName = "Reddit Handler";
			productReference = 5ABA789321382F790021905E /* Reddit Handler */;
			productType = "com.apple.product-type.tool";
		};
/* End PBXNativeTarget section */

/* Begin PBXProject section */
		5ABA788B21382F790021905E /* Project object */ = {
			isa = PBXProject;
			attributes = {
				LastSwiftUpdateCheck = 1000;
				LastUpgradeCheck = 1000;
				ORGANIZATIONNAME = "Hunter Forbus";
				TargetAttributes = {
					5ABA789221382F790021905E = {
						CreatedOnToolsVersion = 10.0;
					};
				};
			};
			buildConfigurationList = 5ABA788E21382F790021905E /* Build configuration list for PBXProject "Reddit Handler" */;
			compatibilityVersion = "Xcode 9.3";
			developmentRegion = en;
			hasScannedForEncodings = 0;
			knownRegions = (
				en,
			);
			mainGroup = 5ABA788A21382F790021905E;
			productRefGroup = 5ABA789421382F790021905E /* Products */;
			projectDirPath = "";
			projectRoot = "";
			targets = (
				5ABA789221382F790021905E /* Reddit Handler */,
			);
		};
/* End PBXProject section */

/* Begin PBXSourcesBuildPhase section */
		5ABA788F21382F790021905E /* Sources */ = {
			isa = PBXSourcesBuildPhase;
			buildActionMask = 2147483647;
			files = (
				5ABA78AB21382F940021905E /* RedditResponse.swift in Sources */,
				5ABA78AA21382F940021905E /* RedditHandler.swift in Sources */,
				5ABA78A921382F940021905E /* RedditPost.swift in Sources */,
				5ABA78A721382F940021905E /* RedditUser.swift in Sources */,
				5ABA78A621382F940021905E /* Subreddit.swift in Sources */,
				5ABA78A521382F940021905E /* AuthenticatedUser.swift in Sources */,
				5ABA78A821382F940021905E /* RedditAppInfo.swift in Sources */,
			);
			runOnlyForDeploymentPostprocessing = 0;
		};
/* End PBXSourcesBuildPhase section */

/* Begin XCBuildConfiguration section */
		5ABA789821382F790021905E /* Debug */ = {
			isa = XCBuildConfiguration;
			buildSettings = {
				ALWAYS_SEARCH_USER_PATHS = NO;
				CLANG_ANALYZER_NONNULL = YES;
				CLANG_ANALYZER_NUMBER_OBJECT_CONVERSION = YES_AGGRESSIVE;
				CLANG_CXX_LANGUAGE_STANDARD = "gnu++14";
				CLANG_CXX_LIBRARY = "libc++";
				CLANG_ENABLE_MODULES = YES;
				CLANG_ENABLE_OBJC_ARC = YES;
				CLANG_ENABLE_OBJC_WEAK = YES;
				CLANG_WARN_BLOCK_CAPTURE_AUTORELEASING = YES;
				CLANG_WARN_BOOL_CONVERSION = YES;
				CLANG_WARN_COMMA = YES;
				CLANG_WARN_CONSTANT_CONVERSION = YES;
				CLANG_WARN_DEPRECATED_OBJC_IMPLEMENTATIONS = YES;
				CLANG_WARN_DIRECT_OBJC_ISA_USAGE = YES_ERROR;
				CLANG_WARN_DOCUMENTATION_COMMENTS = YES;
				CLANG_WARN_EMPTY_BODY = YES;
				CLANG_WARN_ENUM_CONVERSION = YES;
				CLANG_WARN_INFINITE_RECURSION = YES;
				CLANG_WARN_INT_CONVERSION = YES;
				CLANG_WARN_NON_LITERAL_NULL_CONVERSION = YES;
				CLANG_WARN_OBJC_IMPLICIT_RETAIN_SELF = YES;
				CLANG_WARN_OBJC_LITERAL_CONVERSION = YES;
				CLANG_WARN_OBJC_ROOT_CLASS = YES_ERROR;
				CLANG_WARN_RANGE_LOOP_ANALYSIS = YES;
				CLANG_WARN_STRICT_PROTOTYPES = YES;
				CLANG_WARN_SUSPICIOUS_MOVE = YES;
				CLANG_WARN_UNGUARDED_AVAILABILITY = YES_AGGRESSIVE;
				CLANG_WARN_UNREACHABLE_CODE = YES;
				CLANG_WARN__DUPLICATE_METHOD_MATCH = YES;
				CODE_SIGN_IDENTITY = "Mac Developer";
				COPY_PHASE_STRIP = NO;
				DEBUG_INFORMATION_FORMAT = dwarf;
				ENABLE_STRICT_OBJC_MSGSEND = YES;
				ENABLE_TESTABILITY = YES;
				GCC_C_LANGUAGE_STANDARD = gnu11;
				GCC_DYNAMIC_NO_PIC = NO;
				GCC_NO_COMMON_BLOCKS = YES;
				GCC_OPTIMIZATION_LEVEL = 0;
				GCC_PREPROCESSOR_DEFINITIONS = (
					"DEBUG=1",
					"$(inherited)",
				);
				GCC_WARN_64_TO_32_BIT_CONVERSION = YES;
				GCC_WARN_ABOUT_RETURN_TYPE = YES_ERROR;
				GCC_WARN_UNDECLARED_SELECTOR = YES;
				GCC_WARN_UNINITIALIZED_AUTOS = YES_AGGRESSIVE;
				GCC_WARN_UNUSED_FUNCTION = YES;
				GCC_WARN_UNUSED_VARIABLE = YES;
				MACOSX_DEPLOYMENT_TARGET = 10.14;
				MTL_ENABLE_DEBUG_INFO = INCLUDE_SOURCE;
				MTL_FAST_MATH = YES;
				ONLY_ACTIVE_ARCH = YES;
				SDKROOT = macosx;
				SWIFT_ACTIVE_COMPILATION_CONDITIONS = DEBUG;
				SWIFT_OPTIMIZATION_LEVEL = "-Onone";
			};
			name = Debug;
		};
		5ABA789921382F790021905E /* Release */ = {
			isa = XCBuildConfiguration;
			buildSettings = {
				ALWAYS_SEARCH_USER_PATHS = NO;
				CLANG_ANALYZER_NONNULL = YES;
				CLANG_ANALYZER_NUMBER_OBJECT_CONVERSION = YES_AGGRESSIVE;
				CLANG_CXX_LANGUAGE_STANDARD = "gnu++14";
				CLANG_CXX_LIBRARY = "libc++";
				CLANG_ENABLE_MODULES = YES;
				CLANG_ENABLE_OBJC_ARC = YES;
				CLANG_ENABLE_OBJC_WEAK = YES;
				CLANG_WARN_BLOCK_CAPTURE_AUTORELEASING = YES;
				CLANG_WARN_BOOL_CONVERSION = YES;
				CLANG_WARN_COMMA = YES;
				CLANG_WARN_CONSTANT_CONVERSION = YES;
				CLANG_WARN_DEPRECATED_OBJC_IMPLEMENTATIONS = YES;
				CLANG_WARN_DIRECT_OBJC_ISA_USAGE = YES_ERROR;
				CLANG_WARN_DOCUMENTATION_COMMENTS = YES;
				CLANG_WARN_EMPTY_BODY = YES;
				CLANG_WARN_ENUM_CONVERSION = YES;
				CLANG_WARN_INFINITE_RECURSION = YES;
				CLANG_WARN_INT_CONVERSION = YES;
				CLANG_WARN_NON_LITERAL_NULL_CONVERSION = YES;
				CLANG_WARN_OBJC_IMPLICIT_RETAIN_SELF = YES;
				CLANG_WARN_OBJC_LITERAL_CONVERSION = YES;
				CLANG_WARN_OBJC_ROOT_CLASS = YES_ERROR;
				CLANG_WARN_RANGE_LOOP_ANALYSIS = YES;
				CLANG_WARN_STRICT_PROTOTYPES = YES;
				CLANG_WARN_SUSPICIOUS_MOVE = YES;
				CLANG_WARN_UNGUARDED_AVAILABILITY = YES_AGGRESSIVE;
				CLANG_WARN_UNREACHABLE_CODE = YES;
				CLANG_WARN__DUPLICATE_METHOD_MATCH = YES;
				CODE_SIGN_IDENTITY = "Mac Developer";
				COPY_PHASE_STRIP = NO;
				DEBUG_INFORMATION_FORMAT = "dwarf-with-dsym";
				ENABLE_NS_ASSERTIONS = NO;
				ENABLE_STRICT_OBJC_MSGSEND = YES;
				GCC_C_LANGUAGE_STANDARD = gnu11;
				GCC_NO_COMMON_BLOCKS = YES;
				GCC_WARN_64_TO_32_BIT_CONVERSION = YES;
				GCC_WARN_ABOUT_RETURN_TYPE = YES_ERROR;
				GCC_WARN_UNDECLARED_SELECTOR = YES;
				GCC_WARN_UNINITIALIZED_AUTOS = YES_AGGRESSIVE;
				GCC_WARN_UNUSED_FUNCTION = YES;
				GCC_WARN_UNUSED_VARIABLE = YES;
				MACOSX_DEPLOYMENT_TARGET = 10.14;
				MTL_ENABLE_DEBUG_INFO = NO;
				MTL_FAST_MATH = YES;
				SDKROOT = macosx;
				SWIFT_COMPILATION_MODE = wholemodule;
				SWIFT_OPTIMIZATION_LEVEL = "-O";
			};
			name = Release;
		};
		5ABA789B21382F790021905E /* Debug */ = {
			isa = XCBuildConfiguration;
			buildSettings = {
				CODE_SIGN_STYLE = Automatic;
				DEVELOPMENT_TEAM = 9HPRZT59U2;
				PRODUCT_NAME = "$(TARGET_NAME)";
				SWIFT_VERSION = 4.2;
			};
			name = Debug;
		};
		5ABA789C21382F790021905E /* Release */ = {
			isa = XCBuildConfiguration;
			buildSettings = {
				CODE_SIGN_STYLE = Automatic;
				DEVELOPMENT_TEAM = 9HPRZT59U2;
				PRODUCT_NAME = "$(TARGET_NAME)";
				SWIFT_VERSION = 4.2;
			};
			name = Release;
		};
/* End XCBuildConfiguration section */

/* Begin XCConfigurationList section */
		5ABA788E21382F790021905E /* Build configuration list for PBXProject "Reddit Handler" */ = {
			isa = XCConfigurationList;
			buildConfigurations = (
				5ABA789821382F790021905E /* Debug */,
				5ABA789921382F790021905E /* Release */,
			);
			defaultConfigurationIsVisible = 0;
			defaultConfigurationName = Release;
		};
		5ABA789A21382F790021905E /* Build configuration list for PBXNativeTarget "Reddit Handler" */ = {
			isa = XCConfigurationList;
			buildConfigurations = (
				5ABA789B21382F790021905E /* Debug */,
				5ABA789C21382F790021905E /* Release */,
			);
			defaultConfigurationIsVisible = 0;
			defaultConfigurationName = Release;
		};
/* End XCConfigurationList section */
	};
	rootObject = 5ABA788B21382F790021905E /* Project object */;
}
